
Microsoft Visual Studio Solution File, Format Version 12.00
# Visual Studio Version 17
VisualStudioVersion = 17.8.34525.116
MinimumVisualStudioVersion = 10.0.40219.1
Project("{FAE04EC0-301F-11D3-BF4B-00C04F79EFBC}") = "Workaround", "Workaround\Workaround.csproj", "{AF71DF09-78A2-4C01-867F-E554E3E45EC7}"
EndProject
Project("{FAE04EC0-301F-11D3-BF4B-00C04F79EFBC}") = "Entities", "Entities\Entities.csproj", "{476FE656-F9A1-45E4-9597-8EA938C97826}"
EndProject
Project("{FAE04EC0-301F-11D3-BF4B-00C04F79EFBC}") = "Business", "Business\Business.csproj", "{C8A132DD-06DF-4C1B-B1A0-2D7B479A08A5}"
EndProject
Global
	GlobalSection(SolutionConfigurationPlatforms) = preSolution
		Debug|Any CPU = Debug|Any CPU
		Release|Any CPU = Release|Any CPU
	EndGlobalSection
	GlobalSection(ProjectConfigurationPlatforms) = postSolution
		{AF71DF09-78A2-4C01-867F-E554E3E45EC7}.Debug|Any CPU.ActiveCfg = Debug|Any CPU
		{AF71DF09-78A2-4C01-867F-E554E3E45EC7}.Debug|Any CPU.Build.0 = Debug|Any CPU
		{AF71DF09-78A2-4C01-867F-E554E3E45EC7}.Release|Any CPU.ActiveCfg = Release|Any CPU
		{AF71DF09-78A2-4C01-867F-E554E3E45EC7}.Release|Any CPU.Build.0 = Release|Any CPU
		{476FE656-F9A1-45E4-9597-8EA938C97826}.Debug|Any CPU.ActiveCfg = Debug|Any CPU
		{476FE656-F9A1-45E4-9597-8EA938C97826}.Debug|Any CPU.Build.0 = Debug|Any CPU
		{476FE656-F9A1-45E4-9597-8EA938C97826}.Release|Any CPU.ActiveCfg = Release|Any CPU
		{476FE656-F9A1-45E4-9597-8EA938C97826}.Release|Any CPU.Build.0 = Release|Any CPU
		{C8A132DD-06DF-4C1B-B1A0-2D7B479A08A5}.Debug|Any CPU.ActiveCfg = Debug|Any CPU
		{C8A132DD-06DF-4C1B-B1A0-2D7B479A08A5}.Debug|Any CPU.Build.0 = Debug|Any CPU
		{C8A132DD-06DF-4C1B-B1A0-2D7B479A08A5}.Release|Any CPU.ActiveCfg = Release|Any CPU
		{C8A132DD-06DF-4C1B-B1A0-2D7B479A08A5}.Release|Any CPU.Build.0 = Release|Any CPU
	EndGlobalSection
	GlobalSection(SolutionProperties) = preSolution
		HideSolutionNode = FALSE
	EndGlobalSection
	GlobalSection(ExtensibilityGlobals) = postSolution
		SolutionGuid = {9298549E-B1BE-427D-A4B9-E0871A9D4550}
	EndGlobalSection
EndGlobal
